PODS:
  - Flutter (1.0.0)
  - flutter_native_splash (0.0.1):
    - Flutter
  - google_maps_flutter_ios (0.0.1):
    - Flutter
    - GoogleMaps (< 9.0)
  - GoogleMaps (6.2.1):
    - GoogleMaps/Maps (= 6.2.1)
  - GoogleMaps/Base (6.2.1)
  - GoogleMaps/Maps (6.2.1):
    - GoogleMaps/Base
  - image_picker_ios (0.0.1):
    - Flutter
  - location (0.0.1):
    - Flutter
  - path_provider_foundation (0.0.1):
    - Flutter
    - FlutterMacOS
  - shared_preferences_foundation (0.0.1):
    - Flutter
    - FlutterMacOS
  - url_launcher_ios (0.0.1):
    - Flutter
  - webview_flutter_wkwebview (0.0.1):
    - Flutter

DEPENDENCIES:
  - Flutter (from `Flutter`)
  - flutter_native_splash (from `.symlinks/plugins/flutter_native_splash/ios`)
  - google_maps_flutter_ios (from `.symlinks/plugins/google_maps_flutter_ios/ios`)
  - image_picker_ios (from `.symlinks/plugins/image_picker_ios/ios`)
  - location (from `.symlinks/plugins/location/ios`)
  - path_provider_foundation (from `.symlinks/plugins/path_provider_foundation/darwin`)
  - shared_preferences_foundation (from `.symlinks/plugins/shared_preferences_foundation/darwin`)
  - url_launcher_ios (from `.symlinks/plugins/url_launcher_ios/ios`)
  - webview_flutter_wkwebview (from `.symlinks/plugins/webview_flutter_wkwebview/ios`)

SPEC REPOS:
  trunk:
    - GoogleMaps

EXTERNAL SOURCES:
  Flutter:
    :path: Flutter
  flutter_native_splash:
    :path: ".symlinks/plugins/flutter_native_splash/ios"
  google_maps_flutter_ios:
    :path: ".symlinks/plugins/google_maps_flutter_ios/ios"
  image_picker_ios:
    :path: ".symlinks/plugins/image_picker_ios/ios"
  location:
    :path: ".symlinks/plugins/location/ios"
  path_provider_foundation:
    :path: ".symlinks/plugins/path_provider_foundation/darwin"
  shared_preferences_foundation:
    :path: ".symlinks/plugins/shared_preferences_foundation/darwin"
  url_launcher_ios:
    :path: ".symlinks/plugins/url_launcher_ios/ios"
  webview_flutter_wkwebview:
    :path: ".symlinks/plugins/webview_flutter_wkwebview/ios"

SPEC CHECKSUMS:
  Flutter: e0871f40cf51350855a761d2e70bf5af5b9b5de7
  flutter_native_splash: edf599c81f74d093a4daf8e17bd7a018854bc778
  google_maps_flutter_ios: f135b968a67c05679e0a53538e900b5c174b0d99
  GoogleMaps: 20d7b12be49a14287f797e88e0e31bc4156aaeb4
  image_picker_ios: b545a5f16c0fa88e3ecbbce3ed4de45567a8ec18
  location: d5cf8598915965547c3f36761ae9cc4f4e87d22e
  path_provider_foundation: 3784922295ac71e43754bd15e0653ccfd36a147c
  shared_preferences_foundation: b4c3b4cddf1c21f02770737f147a3f5da9d39695
  url_launcher_ios: 6116280ddcfe98ab8820085d8d76ae7449447586
  webview_flutter_wkwebview: be0f0d33777f1bfd0c9fdcb594786704dbf65f36

PODFILE CHECKSUM: 819463e6a0290f5a72f145ba7cde16e8b6ef0796

COCOAPODS: 1.14.3
